
Microsoft Visual Studio Solution File, Format Version 12.00
# Visual Studio Version 16
VisualStudioVersion = 16.0.31515.178
MinimumVisualStudioVersion = 10.0.40219.1
Project("{9A19103F-16F7-4668-BE54-9A1E7A4F7556}") = "CarRentalManagement.Server", "CarRentalManagement\Server\CarRentalManagement.Server.csproj", "{AD129DEC-5902-482D-AB7B-D6D48696AB66}"
EndProject
Project("{9A19103F-16F7-4668-BE54-9A1E7A4F7556}") = "CarRentalManagement.Client", "CarRentalManagement\Client\CarRentalManagement.Client.csproj", "{B934748A-2A45-4ED2-A846-6058074B48E4}"
EndProject
Project("{9A19103F-16F7-4668-BE54-9A1E7A4F7556}") = "CarRentalManagement.Shared", "CarRentalManagement\Shared\CarRentalManagement.Shared.csproj", "{6470F081-7C02-4137-B289-3748D684B56A}"
EndProject
Global
	GlobalSection(SolutionConfigurationPlatforms) = preSolution
		Debug|Any CPU = Debug|Any CPU
		Release|Any CPU = Release|Any CPU
	EndGlobalSection
	GlobalSection(ProjectConfigurationPlatforms) = postSolution
		{AD129DEC-5902-482D-AB7B-D6D48696AB66}.Debug|Any CPU.ActiveCfg = Debug|Any CPU
		{AD129DEC-5902-482D-AB7B-D6D48696AB66}.Debug|Any CPU.Build.0 = Debug|Any CPU
		{AD129DEC-5902-482D-AB7B-D6D48696AB66}.Release|Any CPU.ActiveCfg = Release|Any CPU
		{AD129DEC-5902-482D-AB7B-D6D48696AB66}.Release|Any CPU.Build.0 = Release|Any CPU
		{B934748A-2A45-4ED2-A846-6058074B48E4}.Debug|Any CPU.ActiveCfg = Debug|Any CPU
		{B934748A-2A45-4ED2-A846-6058074B48E4}.Debug|Any CPU.Build.0 = Debug|Any CPU
		{B934748A-2A45-4ED2-A846-6058074B48E4}.Release|Any CPU.ActiveCfg = Release|Any CPU
		{B934748A-2A45-4ED2-A846-6058074B48E4}.Release|Any CPU.Build.0 = Release|Any CPU
		{6470F081-7C02-4137-B289-3748D684B56A}.Debug|Any CPU.ActiveCfg = Debug|Any CPU
		{6470F081-7C02-4137-B289-3748D684B56A}.Debug|Any CPU.Build.0 = Debug|Any CPU
		{6470F081-7C02-4137-B289-3748D684B56A}.Release|Any CPU.ActiveCfg = Release|Any CPU
		{6470F081-7C02-4137-B289-3748D684B56A}.Release|Any CPU.Build.0 = Release|Any CPU
	EndGlobalSection
	GlobalSection(SolutionProperties) = preSolution
		HideSolutionNode = FALSE
	EndGlobalSection
	GlobalSection(ExtensibilityGlobals) = postSolution
		SolutionGuid = {7D521453-D142-435E-8C35-4A82B04F21CB}
	EndGlobalSection
EndGlobal
